
Microsoft Visual Studio Solution File, Format Version 12.00
# Visual Studio Version 17
VisualStudioVersion = 17.5.33530.505
MinimumVisualStudioVersion = 10.0.40219.1
Project("{8BC9CEB8-8B4A-11D0-8D11-00A0C91BC942}") = "lab4", "lab4\lab4.vcxproj", "{9C6A5BB9-0FC5-41DA-B206-E888941E1F76}"
EndProject
Global
	GlobalSection(SolutionConfigurationPlatforms) = preSolution
		Debug|x64 = Debug|x64
		Debug|x86 = Debug|x86
		Release|x64 = Release|x64
		Release|x86 = Release|x86
	EndGlobalSection
	GlobalSection(ProjectConfigurationPlatforms) = postSolution
		{9C6A5BB9-0FC5-41DA-B206-E888941E1F76}.Debug|x64.ActiveCfg = Debug|x64
		{9C6A5BB9-0FC5-41DA-B206-E888941E1F76}.Debug|x64.Build.0 = Debug|x64
		{9C6A5BB9-0FC5-41DA-B206-E888941E1F76}.Debug|x86.ActiveCfg = Debug|Win32
		{9C6A5BB9-0FC5-41DA-B206-E888941E1F76}.Debug|x86.Build.0 = Debug|Win32
		{9C6A5BB9-0FC5-41DA-B206-E888941E1F76}.Release|x64.ActiveCfg = Release|x64
		{9C6A5BB9-0FC5-41DA-B206-E888941E1F76}.Release|x64.Build.0 = Release|x64
		{9C6A5BB9-0FC5-41DA-B206-E888941E1F76}.Release|x86.ActiveCfg = Release|Win32
		{9C6A5BB9-0FC5-41DA-B206-E888941E1F76}.Release|x86.Build.0 = Release|Win32
	EndGlobalSection
	GlobalSection(SolutionProperties) = preSolution
		HideSolutionNode = FALSE
	EndGlobalSection
	GlobalSection(ExtensibilityGlobals) = postSolution
		SolutionGuid = {FEB06C4B-D1FC-4737-AE78-8C9002B6DB55}
	EndGlobalSection
EndGlobal
